
Microsoft Visual Studio Solution File, Format Version 12.00
# Visual Studio Version 17
VisualStudioVersion = 17.5.33424.131
MinimumVisualStudioVersion = 10.0.40219.1
Project("{2150E333-8FDC-42A3-9474-1A3956D46DE8}") = "Classe", "Classe", "{00A0EC58-93FB-4F5F-9544-06F21D753166}"
EndProject
Project("{9A19103F-16F7-4668-BE54-9A1E7A4F7556}") = "Aluno", "Aluno\Aluno.csproj", "{8C46AABD-0E6D-4247-A18F-2709C69566C5}"
EndProject
Project("{9A19103F-16F7-4668-BE54-9A1E7A4F7556}") = "Cotacao", "Cotacao\Cotacao.csproj", "{326FC0A5-E309-4984-BF7C-C5B59323B07E}"
EndProject
Project("{9A19103F-16F7-4668-BE54-9A1E7A4F7556}") = "Estoque", "Estoque\Estoque.csproj", "{B717E4FD-0A03-4225-B787-5629CB9FE515}"
EndProject
Project("{9A19103F-16F7-4668-BE54-9A1E7A4F7556}") = "Funcionario", "Funcionario\Funcionario.csproj", "{19BEE4AD-C68B-42C3-A3BD-088E184A8443}"
EndProject
Project("{9A19103F-16F7-4668-BE54-9A1E7A4F7556}") = "Idade", "Idade\Idade.csproj", "{38D5309C-5942-4B0A-B9DB-33E7E465307F}"
EndProject
Project("{9A19103F-16F7-4668-BE54-9A1E7A4F7556}") = "Produto", "Produto\Produto.csproj", "{3CECC059-83CA-46B9-AC5C-5D3CC4756996}"
EndProject
Project("{9A19103F-16F7-4668-BE54-9A1E7A4F7556}") = "Retangulo", "Retangulo\Retangulo.csproj", "{F992E32A-5052-45CD-A583-D17AB932F1A3}"
EndProject
Project("{9A19103F-16F7-4668-BE54-9A1E7A4F7556}") = "Salario", "Salario\Salario.csproj", "{30E0D1AD-D887-4DF3-ABD9-C3C9BA426863}"
EndProject
Project("{9A19103F-16F7-4668-BE54-9A1E7A4F7556}") = "Triangulo", "Triangulo\Triangulo.csproj", "{4B02FF8B-FFDD-4733-8B05-79D04977CBCB}"
EndProject
Project("{2150E333-8FDC-42A3-9474-1A3956D46DE8}") = "Construtores", "Construtores", "{F5820974-02D9-4204-8805-DC1AC97913D7}"
EndProject
Project("{9A19103F-16F7-4668-BE54-9A1E7A4F7556}") = "Estatico", "Estatico\Estatico.csproj", "{6E6BA341-8710-463B-B7C2-1D95BC8421F8}"
EndProject
Project("{9A19103F-16F7-4668-BE54-9A1E7A4F7556}") = "Produto.Const", "Produto.Const\Produto.Const.csproj", "{414B6595-B9B0-45A7-AC0A-4C4174366CA8}"
EndProject
Project("{9A19103F-16F7-4668-BE54-9A1E7A4F7556}") = "Conta", "Conta\Conta.csproj", "{F2879282-8A92-4050-BD35-B8A420A6DA7F}"
EndProject
Project("{2150E333-8FDC-42A3-9474-1A3956D46DE8}") = "Cap. 6 Comportamentos", "Cap. 6 Comportamentos", "{94552528-3F29-4237-8D54-EF88631AA547}"
EndProject
Project("{9A19103F-16F7-4668-BE54-9A1E7A4F7556}") = "Vetores", "Vetores\Vetores.csproj", "{9477CE14-AB4B-47C2-97CD-4A7AAE8A33F0}"
EndProject
Project("{9A19103F-16F7-4668-BE54-9A1E7A4F7556}") = "Vet_Exe1", "Vet_Exe1\Vet_Exe1.csproj", "{1BAAB07C-3525-4A35-83A8-7633E6CA9432}"
EndProject
Project("{FAE04EC0-301F-11D3-BF4B-00C04F79EFBC}") = "Foreach", "Foreach\Foreach.csproj", "{D37F52F4-BFED-4D16-A619-F4496FC517FD}"
EndProject
Project("{FAE04EC0-301F-11D3-BF4B-00C04F79EFBC}") = "Lista", "Lista\Lista.csproj", "{8E9B1394-48B6-4E9E-98F9-8B481FF4D14F}"
EndProject
Global
	GlobalSection(SolutionConfigurationPlatforms) = preSolution
		Debug|Any CPU = Debug|Any CPU
		Release|Any CPU = Release|Any CPU
	EndGlobalSection
	GlobalSection(ProjectConfigurationPlatforms) = postSolution
		{8C46AABD-0E6D-4247-A18F-2709C69566C5}.Debug|Any CPU.ActiveCfg = Debug|Any CPU
		{8C46AABD-0E6D-4247-A18F-2709C69566C5}.Debug|Any CPU.Build.0 = Debug|Any CPU
		{8C46AABD-0E6D-4247-A18F-2709C69566C5}.Release|Any CPU.ActiveCfg = Release|Any CPU
		{8C46AABD-0E6D-4247-A18F-2709C69566C5}.Release|Any CPU.Build.0 = Release|Any CPU
		{326FC0A5-E309-4984-BF7C-C5B59323B07E}.Debug|Any CPU.ActiveCfg = Debug|Any CPU
		{326FC0A5-E309-4984-BF7C-C5B59323B07E}.Debug|Any CPU.Build.0 = Debug|Any CPU
		{326FC0A5-E309-4984-BF7C-C5B59323B07E}.Release|Any CPU.ActiveCfg = Release|Any CPU
		{326FC0A5-E309-4984-BF7C-C5B59323B07E}.Release|Any CPU.Build.0 = Release|Any CPU
		{B717E4FD-0A03-4225-B787-5629CB9FE515}.Debug|Any CPU.ActiveCfg = Debug|Any CPU
		{B717E4FD-0A03-4225-B787-5629CB9FE515}.Debug|Any CPU.Build.0 = Debug|Any CPU
		{B717E4FD-0A03-4225-B787-5629CB9FE515}.Release|Any CPU.ActiveCfg = Release|Any CPU
		{B717E4FD-0A03-4225-B787-5629CB9FE515}.Release|Any CPU.Build.0 = Release|Any CPU
		{19BEE4AD-C68B-42C3-A3BD-088E184A8443}.Debug|Any CPU.ActiveCfg = Debug|Any CPU
		{19BEE4AD-C68B-42C3-A3BD-088E184A8443}.Debug|Any CPU.Build.0 = Debug|Any CPU
		{19BEE4AD-C68B-42C3-A3BD-088E184A8443}.Release|Any CPU.ActiveCfg = Release|Any CPU
		{19BEE4AD-C68B-42C3-A3BD-088E184A8443}.Release|Any CPU.Build.0 = Release|Any CPU
		{38D5309C-5942-4B0A-B9DB-33E7E465307F}.Debug|Any CPU.ActiveCfg = Debug|Any CPU
		{38D5309C-5942-4B0A-B9DB-33E7E465307F}.Debug|Any CPU.Build.0 = Debug|Any CPU
		{38D5309C-5942-4B0A-B9DB-33E7E465307F}.Release|Any CPU.ActiveCfg = Release|Any CPU
		{38D5309C-5942-4B0A-B9DB-33E7E465307F}.Release|Any CPU.Build.0 = Release|Any CPU
		{3CECC059-83CA-46B9-AC5C-5D3CC4756996}.Debug|Any CPU.ActiveCfg = Debug|Any CPU
		{3CECC059-83CA-46B9-AC5C-5D3CC4756996}.Debug|Any CPU.Build.0 = Debug|Any CPU
		{3CECC059-83CA-46B9-AC5C-5D3CC4756996}.Release|Any CPU.ActiveCfg = Release|Any CPU
		{3CECC059-83CA-46B9-AC5C-5D3CC4756996}.Release|Any CPU.Build.0 = Release|Any CPU
		{F992E32A-5052-45CD-A583-D17AB932F1A3}.Debug|Any CPU.ActiveCfg = Debug|Any CPU
		{F992E32A-5052-45CD-A583-D17AB932F1A3}.Debug|Any CPU.Build.0 = Debug|Any CPU
		{F992E32A-5052-45CD-A583-D17AB932F1A3}.Release|Any CPU.ActiveCfg = Release|Any CPU
		{F992E32A-5052-45CD-A583-D17AB932F1A3}.Release|Any CPU.Build.0 = Release|Any CPU
		{30E0D1AD-D887-4DF3-ABD9-C3C9BA426863}.Debug|Any CPU.ActiveCfg = Debug|Any CPU
		{30E0D1AD-D887-4DF3-ABD9-C3C9BA426863}.Debug|Any CPU.Build.0 = Debug|Any CPU
		{30E0D1AD-D887-4DF3-ABD9-C3C9BA426863}.Release|Any CPU.ActiveCfg = Release|Any CPU
		{30E0D1AD-D887-4DF3-ABD9-C3C9BA426863}.Release|Any CPU.Build.0 = Release|Any CPU
		{4B02FF8B-FFDD-4733-8B05-79D04977CBCB}.Debug|Any CPU.ActiveCfg = Debug|Any CPU
		{4B02FF8B-FFDD-4733-8B05-79D04977CBCB}.Debug|Any CPU.Build.0 = Debug|Any CPU
		{4B02FF8B-FFDD-4733-8B05-79D04977CBCB}.Release|Any CPU.ActiveCfg = Release|Any CPU
		{4B02FF8B-FFDD-4733-8B05-79D04977CBCB}.Release|Any CPU.Build.0 = Release|Any CPU
		{6E6BA341-8710-463B-B7C2-1D95BC8421F8}.Debug|Any CPU.ActiveCfg = Debug|Any CPU
		{6E6BA341-8710-463B-B7C2-1D95BC8421F8}.Debug|Any CPU.Build.0 = Debug|Any CPU
		{6E6BA341-8710-463B-B7C2-1D95BC8421F8}.Release|Any CPU.ActiveCfg = Release|Any CPU
		{6E6BA341-8710-463B-B7C2-1D95BC8421F8}.Release|Any CPU.Build.0 = Release|Any CPU
		{414B6595-B9B0-45A7-AC0A-4C4174366CA8}.Debug|Any CPU.ActiveCfg = Debug|Any CPU
		{414B6595-B9B0-45A7-AC0A-4C4174366CA8}.Debug|Any CPU.Build.0 = Debug|Any CPU
		{414B6595-B9B0-45A7-AC0A-4C4174366CA8}.Release|Any CPU.ActiveCfg = Release|Any CPU
		{414B6595-B9B0-45A7-AC0A-4C4174366CA8}.Release|Any CPU.Build.0 = Release|Any CPU
		{F2879282-8A92-4050-BD35-B8A420A6DA7F}.Debug|Any CPU.ActiveCfg = Debug|Any CPU
		{F2879282-8A92-4050-BD35-B8A420A6DA7F}.Debug|Any CPU.Build.0 = Debug|Any CPU
		{F2879282-8A92-4050-BD35-B8A420A6DA7F}.Release|Any CPU.ActiveCfg = Release|Any CPU
		{F2879282-8A92-4050-BD35-B8A420A6DA7F}.Release|Any CPU.Build.0 = Release|Any CPU
		{9477CE14-AB4B-47C2-97CD-4A7AAE8A33F0}.Debug|Any CPU.ActiveCfg = Debug|Any CPU
		{9477CE14-AB4B-47C2-97CD-4A7AAE8A33F0}.Debug|Any CPU.Build.0 = Debug|Any CPU
		{9477CE14-AB4B-47C2-97CD-4A7AAE8A33F0}.Release|Any CPU.ActiveCfg = Release|Any CPU
		{9477CE14-AB4B-47C2-97CD-4A7AAE8A33F0}.Release|Any CPU.Build.0 = Release|Any CPU
		{1BAAB07C-3525-4A35-83A8-7633E6CA9432}.Debug|Any CPU.ActiveCfg = Debug|Any CPU
		{1BAAB07C-3525-4A35-83A8-7633E6CA9432}.Debug|Any CPU.Build.0 = Debug|Any CPU
		{1BAAB07C-3525-4A35-83A8-7633E6CA9432}.Release|Any CPU.ActiveCfg = Release|Any CPU
		{1BAAB07C-3525-4A35-83A8-7633E6CA9432}.Release|Any CPU.Build.0 = Release|Any CPU
		{D37F52F4-BFED-4D16-A619-F4496FC517FD}.Debug|Any CPU.ActiveCfg = Debug|Any CPU
		{D37F52F4-BFED-4D16-A619-F4496FC517FD}.Debug|Any CPU.Build.0 = Debug|Any CPU
		{D37F52F4-BFED-4D16-A619-F4496FC517FD}.Release|Any CPU.ActiveCfg = Release|Any CPU
		{D37F52F4-BFED-4D16-A619-F4496FC517FD}.Release|Any CPU.Build.0 = Release|Any CPU
		{8E9B1394-48B6-4E9E-98F9-8B481FF4D14F}.Debug|Any CPU.ActiveCfg = Debug|Any CPU
		{8E9B1394-48B6-4E9E-98F9-8B481FF4D14F}.Debug|Any CPU.Build.0 = Debug|Any CPU
		{8E9B1394-48B6-4E9E-98F9-8B481FF4D14F}.Release|Any CPU.ActiveCfg = Release|Any CPU
		{8E9B1394-48B6-4E9E-98F9-8B481FF4D14F}.Release|Any CPU.Build.0 = Release|Any CPU
	EndGlobalSection
	GlobalSection(SolutionProperties) = preSolution
		HideSolutionNode = FALSE
	EndGlobalSection
	GlobalSection(NestedProjects) = preSolution
		{8C46AABD-0E6D-4247-A18F-2709C69566C5} = {00A0EC58-93FB-4F5F-9544-06F21D753166}
		{326FC0A5-E309-4984-BF7C-C5B59323B07E} = {00A0EC58-93FB-4F5F-9544-06F21D753166}
		{B717E4FD-0A03-4225-B787-5629CB9FE515} = {00A0EC58-93FB-4F5F-9544-06F21D753166}
		{19BEE4AD-C68B-42C3-A3BD-088E184A8443} = {00A0EC58-93FB-4F5F-9544-06F21D753166}
		{38D5309C-5942-4B0A-B9DB-33E7E465307F} = {00A0EC58-93FB-4F5F-9544-06F21D753166}
		{3CECC059-83CA-46B9-AC5C-5D3CC4756996} = {00A0EC58-93FB-4F5F-9544-06F21D753166}
		{F992E32A-5052-45CD-A583-D17AB932F1A3} = {00A0EC58-93FB-4F5F-9544-06F21D753166}
		{30E0D1AD-D887-4DF3-ABD9-C3C9BA426863} = {00A0EC58-93FB-4F5F-9544-06F21D753166}
		{4B02FF8B-FFDD-4733-8B05-79D04977CBCB} = {00A0EC58-93FB-4F5F-9544-06F21D753166}
		{6E6BA341-8710-463B-B7C2-1D95BC8421F8} = {00A0EC58-93FB-4F5F-9544-06F21D753166}
		{414B6595-B9B0-45A7-AC0A-4C4174366CA8} = {F5820974-02D9-4204-8805-DC1AC97913D7}
		{F2879282-8A92-4050-BD35-B8A420A6DA7F} = {F5820974-02D9-4204-8805-DC1AC97913D7}
		{9477CE14-AB4B-47C2-97CD-4A7AAE8A33F0} = {94552528-3F29-4237-8D54-EF88631AA547}
		{1BAAB07C-3525-4A35-83A8-7633E6CA9432} = {94552528-3F29-4237-8D54-EF88631AA547}
		{D37F52F4-BFED-4D16-A619-F4496FC517FD} = {94552528-3F29-4237-8D54-EF88631AA547}
		{8E9B1394-48B6-4E9E-98F9-8B481FF4D14F} = {94552528-3F29-4237-8D54-EF88631AA547}
	EndGlobalSection
	GlobalSection(ExtensibilityGlobals) = postSolution
		SolutionGuid = {E4F8B411-140A-48B7-8477-79895097E137}
	EndGlobalSection
EndGlobal
